
Microsoft Visual Studio Solution File, Format Version 12.00
# Visual Studio Version 17
VisualStudioVersion = 17.4.33122.133
MinimumVisualStudioVersion = 10.0.40219.1
Project("{FAE04EC0-301F-11D3-BF4B-00C04F79EFBC}") = "Asp.net-intro", "Asp.net-intro\Asp.net-intro.csproj", "{96E1DE16-3102-48AB-9530-B92DEB9D6E8E}"
EndProject
Global
	GlobalSection(SolutionConfigurationPlatforms) = preSolution
		Debug|Any CPU = Debug|Any CPU
		Release|Any CPU = Release|Any CPU
	EndGlobalSection
	GlobalSection(ProjectConfigurationPlatforms) = postSolution
		{96E1DE16-3102-48AB-9530-B92DEB9D6E8E}.Debug|Any CPU.ActiveCfg = Debug|Any CPU
		{96E1DE16-3102-48AB-9530-B92DEB9D6E8E}.Debug|Any CPU.Build.0 = Debug|Any CPU
		{96E1DE16-3102-48AB-9530-B92DEB9D6E8E}.Release|Any CPU.ActiveCfg = Release|Any CPU
		{96E1DE16-3102-48AB-9530-B92DEB9D6E8E}.Release|Any CPU.Build.0 = Release|Any CPU
	EndGlobalSection
	GlobalSection(SolutionProperties) = preSolution
		HideSolutionNode = FALSE
	EndGlobalSection
	GlobalSection(ExtensibilityGlobals) = postSolution
		SolutionGuid = {B3203D37-17AF-4091-8A2F-2F8ACB3A8732}
	EndGlobalSection
EndGlobal
